
Microsoft Visual Studio Solution File, Format Version 12.00
# Visual Studio Version 17
VisualStudioVersion = 17.0.31612.314
MinimumVisualStudioVersion = 10.0.40219.1
Project("{FAE04EC0-301F-11D3-BF4B-00C04F79EFBC}") = "InbuiltLogger.Test", "InbuiltLogger.Test\InbuiltLogger.Test.csproj", "{EEC56595-1102-4170-A3FB-D76636AF2361}"
EndProject
Global
	GlobalSection(SolutionConfigurationPlatforms) = preSolution
		Debug|Any CPU = Debug|Any CPU
		Release|Any CPU = Release|Any CPU
	EndGlobalSection
	GlobalSection(ProjectConfigurationPlatforms) = postSolution
		{EEC56595-1102-4170-A3FB-D76636AF2361}.Debug|Any CPU.ActiveCfg = Debug|Any CPU
		{EEC56595-1102-4170-A3FB-D76636AF2361}.Debug|Any CPU.Build.0 = Debug|Any CPU
		{EEC56595-1102-4170-A3FB-D76636AF2361}.Release|Any CPU.ActiveCfg = Release|Any CPU
		{EEC56595-1102-4170-A3FB-D76636AF2361}.Release|Any CPU.Build.0 = Release|Any CPU
	EndGlobalSection
	GlobalSection(SolutionProperties) = preSolution
		HideSolutionNode = FALSE
	EndGlobalSection
	GlobalSection(ExtensibilityGlobals) = postSolution
		SolutionGuid = {4CFB56DE-5873-40B1-8807-24B28D8F5C0C}
	EndGlobalSection
EndGlobal
